
Microsoft Visual Studio Solution File, Format Version 12.00
# Visual Studio 14
VisualStudioVersion = 14.0.25123.0
MinimumVisualStudioVersion = 10.0.40219.1
Project("{FAE04EC0-301F-11D3-BF4B-00C04F79EFBC}") = "bLaserTag.Desktop", "bLaserTag.Desktop\bLaserTag.Desktop.csproj", "{EE717AE6-29DA-4CAE-9AA2-562FF508CC06}"
EndProject
Project("{FAE04EC0-301F-11D3-BF4B-00C04F79EFBC}") = "bLaserTag.Web", "bLaserTag.Web\bLaserTag.Web.csproj", "{8CEAD6DA-8FD9-4029-8FF3-0106DC7368E5}"
EndProject
Project("{FAE04EC0-301F-11D3-BF4B-00C04F79EFBC}") = "bLaserTag.Core", "bLaserTag.Core\bLaserTag.Core.csproj", "{3CC3D621-07AD-442D-A19A-B21791B27ABB}"
EndProject
Global
	GlobalSection(SolutionConfigurationPlatforms) = preSolution
		Debug|Any CPU = Debug|Any CPU
		Release|Any CPU = Release|Any CPU
	EndGlobalSection
	GlobalSection(ProjectConfigurationPlatforms) = postSolution
		{EE717AE6-29DA-4CAE-9AA2-562FF508CC06}.Debug|Any CPU.ActiveCfg = Debug|Any CPU
		{EE717AE6-29DA-4CAE-9AA2-562FF508CC06}.Debug|Any CPU.Build.0 = Debug|Any CPU
		{EE717AE6-29DA-4CAE-9AA2-562FF508CC06}.Release|Any CPU.ActiveCfg = Release|Any CPU
		{EE717AE6-29DA-4CAE-9AA2-562FF508CC06}.Release|Any CPU.Build.0 = Release|Any CPU
		{8CEAD6DA-8FD9-4029-8FF3-0106DC7368E5}.Debug|Any CPU.ActiveCfg = Debug|Any CPU
		{8CEAD6DA-8FD9-4029-8FF3-0106DC7368E5}.Debug|Any CPU.Build.0 = Debug|Any CPU
		{8CEAD6DA-8FD9-4029-8FF3-0106DC7368E5}.Release|Any CPU.ActiveCfg = Release|Any CPU
		{8CEAD6DA-8FD9-4029-8FF3-0106DC7368E5}.Release|Any CPU.Build.0 = Release|Any CPU
		{3CC3D621-07AD-442D-A19A-B21791B27ABB}.Debug|Any CPU.ActiveCfg = Debug|Any CPU
		{3CC3D621-07AD-442D-A19A-B21791B27ABB}.Debug|Any CPU.Build.0 = Debug|Any CPU
		{3CC3D621-07AD-442D-A19A-B21791B27ABB}.Release|Any CPU.ActiveCfg = Release|Any CPU
		{3CC3D621-07AD-442D-A19A-B21791B27ABB}.Release|Any CPU.Build.0 = Release|Any CPU
	EndGlobalSection
	GlobalSection(SolutionProperties) = preSolution
		HideSolutionNode = FALSE
	EndGlobalSection
EndGlobal
